
Microsoft Visual Studio Solution File, Format Version 12.00
# Visual Studio Version 17
VisualStudioVersion = 17.14.36915.13
MinimumVisualStudioVersion = 10.0.40219.1
Project("{FAE04EC0-301F-11D3-BF4B-00C04F79EFBC}") = "DataViewer.UI.Wpf", "DataViewer.UI.WPF\DataViewer.UI.Wpf.csproj", "{BFC15CA9-7DC8-429A-9325-786F95A834A2}"
EndProject
Project("{FAE04EC0-301F-11D3-BF4B-00C04F79EFBC}") = "Common", "Common\Common.csproj", "{A420837D-2886-4F7A-8173-9DFB5B0228E1}"
EndProject
Project("{FAE04EC0-301F-11D3-BF4B-00C04F79EFBC}") = "DataViewer.UI.Avalonia", "DataViewer.UI.Avalonia\DataViewer.UI.Avalonia.csproj", "{1BAFFAD9-534C-4ADF-9FA3-F039944BAEFA}"
EndProject
Global
	GlobalSection(SolutionConfigurationPlatforms) = preSolution
		Debug|Any CPU = Debug|Any CPU
		Release|Any CPU = Release|Any CPU
	EndGlobalSection
	GlobalSection(ProjectConfigurationPlatforms) = postSolution
		{BFC15CA9-7DC8-429A-9325-786F95A834A2}.Debug|Any CPU.ActiveCfg = Debug|Any CPU
		{BFC15CA9-7DC8-429A-9325-786F95A834A2}.Debug|Any CPU.Build.0 = Debug|Any CPU
		{BFC15CA9-7DC8-429A-9325-786F95A834A2}.Release|Any CPU.ActiveCfg = Release|Any CPU
		{BFC15CA9-7DC8-429A-9325-786F95A834A2}.Release|Any CPU.Build.0 = Release|Any CPU
		{A420837D-2886-4F7A-8173-9DFB5B0228E1}.Debug|Any CPU.ActiveCfg = Debug|Any CPU
		{A420837D-2886-4F7A-8173-9DFB5B0228E1}.Debug|Any CPU.Build.0 = Debug|Any CPU
		{A420837D-2886-4F7A-8173-9DFB5B0228E1}.Release|Any CPU.ActiveCfg = Release|Any CPU
		{A420837D-2886-4F7A-8173-9DFB5B0228E1}.Release|Any CPU.Build.0 = Release|Any CPU
		{1BAFFAD9-534C-4ADF-9FA3-F039944BAEFA}.Debug|Any CPU.ActiveCfg = Debug|Any CPU
		{1BAFFAD9-534C-4ADF-9FA3-F039944BAEFA}.Debug|Any CPU.Build.0 = Debug|Any CPU
		{1BAFFAD9-534C-4ADF-9FA3-F039944BAEFA}.Release|Any CPU.ActiveCfg = Release|Any CPU
		{1BAFFAD9-534C-4ADF-9FA3-F039944BAEFA}.Release|Any CPU.Build.0 = Release|Any CPU
	EndGlobalSection
	GlobalSection(SolutionProperties) = preSolution
		HideSolutionNode = FALSE
	EndGlobalSection
	GlobalSection(ExtensibilityGlobals) = postSolution
		SolutionGuid = {424D58E9-60FF-4909-A00F-C9AF7C9D258E}
	EndGlobalSection
EndGlobal
